
Microsoft Visual Studio Solution File, Format Version 12.00
# Visual Studio Version 16
VisualStudioVersion = 16.0.29418.71
MinimumVisualStudioVersion = 10.0.40219.1
Project("{888888A0-9F3D-457C-B088-3A5042F75D52}") = "ServingModelWeb", "ServingModelWeb\ServingModelWeb.pyproj", "{44AE93CA-85EE-44E9-A0B8-A0EFBBB8C64E}"
EndProject
Project("{888888A0-9F3D-457C-B088-3A5042F75D52}") = "FeatureLoader", "FeatureLoader\FeatureLoader.pyproj", "{CCFAFEFA-8CD9-4CA2-A86F-B5BE96F1949E}"
EndProject
Project("{888888A0-9F3D-457C-B088-3A5042F75D52}") = "WaferMapBotModel", "WaferMapBotModel\WaferMapBotModel.pyproj", "{AF474ECE-6B4B-499B-AC03-374A585C7701}"
EndProject
Project("{00D1A9C2-B5F0-4AF3-8072-F6C62B433612}") = "WaferBotDatabase", "WaferBotDatabase\WaferBotDatabase.sqlproj", "{555C9645-02C7-4BF3-8B88-A18A2C727264}"
EndProject
Global
	GlobalSection(SolutionConfigurationPlatforms) = preSolution
		Debug|Any CPU = Debug|Any CPU
		Release|Any CPU = Release|Any CPU
	EndGlobalSection
	GlobalSection(ProjectConfigurationPlatforms) = postSolution
		{44AE93CA-85EE-44E9-A0B8-A0EFBBB8C64E}.Debug|Any CPU.ActiveCfg = Debug|Any CPU
		{44AE93CA-85EE-44E9-A0B8-A0EFBBB8C64E}.Debug|Any CPU.Build.0 = Debug|Any CPU
		{44AE93CA-85EE-44E9-A0B8-A0EFBBB8C64E}.Release|Any CPU.ActiveCfg = Release|Any CPU
		{44AE93CA-85EE-44E9-A0B8-A0EFBBB8C64E}.Release|Any CPU.Build.0 = Release|Any CPU
		{CCFAFEFA-8CD9-4CA2-A86F-B5BE96F1949E}.Debug|Any CPU.ActiveCfg = Debug|Any CPU
		{CCFAFEFA-8CD9-4CA2-A86F-B5BE96F1949E}.Release|Any CPU.ActiveCfg = Release|Any CPU
		{AF474ECE-6B4B-499B-AC03-374A585C7701}.Debug|Any CPU.ActiveCfg = Debug|Any CPU
		{AF474ECE-6B4B-499B-AC03-374A585C7701}.Release|Any CPU.ActiveCfg = Release|Any CPU
		{555C9645-02C7-4BF3-8B88-A18A2C727264}.Debug|Any CPU.ActiveCfg = Debug|Any CPU
		{555C9645-02C7-4BF3-8B88-A18A2C727264}.Debug|Any CPU.Build.0 = Debug|Any CPU
		{555C9645-02C7-4BF3-8B88-A18A2C727264}.Debug|Any CPU.Deploy.0 = Debug|Any CPU
		{555C9645-02C7-4BF3-8B88-A18A2C727264}.Release|Any CPU.ActiveCfg = Release|Any CPU
		{555C9645-02C7-4BF3-8B88-A18A2C727264}.Release|Any CPU.Build.0 = Release|Any CPU
		{555C9645-02C7-4BF3-8B88-A18A2C727264}.Release|Any CPU.Deploy.0 = Release|Any CPU
	EndGlobalSection
	GlobalSection(SolutionProperties) = preSolution
		HideSolutionNode = FALSE
	EndGlobalSection
	GlobalSection(ExtensibilityGlobals) = postSolution
		SolutionGuid = {BB1126EB-BFAD-448A-9454-5A0100FED54B}
	EndGlobalSection
EndGlobal
